
Microsoft Visual Studio Solution File, Format Version 12.00
# Visual Studio Version 17
VisualStudioVersion = 17.1.32421.90
MinimumVisualStudioVersion = 10.0.40219.1
Project("{FAE04EC0-301F-11D3-BF4B-00C04F79EFBC}") = "Happy", "Happy\Happy.csproj", "{BFFF40F6-B991-4BEB-99FA-8D8FAC3ABCF9}"
EndProject
Global
	GlobalSection(SolutionConfigurationPlatforms) = preSolution
		Debug|Any CPU = Debug|Any CPU
		Release|Any CPU = Release|Any CPU
	EndGlobalSection
	GlobalSection(ProjectConfigurationPlatforms) = postSolution
		{BFFF40F6-B991-4BEB-99FA-8D8FAC3ABCF9}.Debug|Any CPU.ActiveCfg = Debug|Any CPU
		{BFFF40F6-B991-4BEB-99FA-8D8FAC3ABCF9}.Debug|Any CPU.Build.0 = Debug|Any CPU
		{BFFF40F6-B991-4BEB-99FA-8D8FAC3ABCF9}.Release|Any CPU.ActiveCfg = Release|Any CPU
		{BFFF40F6-B991-4BEB-99FA-8D8FAC3ABCF9}.Release|Any CPU.Build.0 = Release|Any CPU
	EndGlobalSection
	GlobalSection(SolutionProperties) = preSolution
		HideSolutionNode = FALSE
	EndGlobalSection
	GlobalSection(ExtensibilityGlobals) = postSolution
		SolutionGuid = {24A0F50C-9F6F-4166-8791-1B5156A29BC2}
	EndGlobalSection
EndGlobal
